lockfileVersion: 5.3

specifiers:
  hexo: ^5.4.0
  hexo-cli: ^4.2.0
  hexo-deployer-git: ^3.0.0
  hexo-generator-archive: ^1.0.0
  hexo-generator-category: ^1.0.0
  hexo-generator-index: ^2.0.0
  hexo-generator-tag: ^1.0.0
  hexo-renderer-ejs: ^1.0.0
  hexo-renderer-marked: ^4.0.0
  hexo-renderer-stylus: ^2.0.1
  hexo-server: ^2.0.0

dependencies:
  hexo: registry.nlark.com/hexo/5.4.0
  hexo-deployer-git: registry.nlark.com/hexo-deployer-git/3.0.0
  hexo-generator-archive: registry.nlark.com/hexo-generator-archive/1.0.0
  hexo-generator-category: registry.nlark.com/hexo-generator-category/1.0.0
  hexo-generator-index: registry.nlark.com/hexo-generator-index/2.0.0
  hexo-generator-tag: registry.nlark.com/hexo-generator-tag/1.0.0
  hexo-renderer-ejs: registry.nlark.com/hexo-renderer-ejs/1.0.0
  hexo-renderer-marked: registry.nlark.com/hexo-renderer-marked/4.0.0
  hexo-renderer-stylus: registry.nlark.com/hexo-renderer-stylus/2.0.1
  hexo-server: registry.nlark.com/hexo-server/2.0.0

devDependencies:
  hexo-cli: registry.nlark.com/hexo-cli/4.2.0

packages:

  /JSONStream/1.3.5:
    resolution: {integrity: sha1-MgjB8I06TZkmGrZPkjArwV4RHKA=, tarball: JSONStream/download/JSONStream-1.3.5.tgz}
    hasBin: true
    dependencies:
      jsonparse: 1.3.1
      through: registry.nlark.com/through/2.3.8
    dev: false

  /abbrev/1.1.1:
    resolution: {integrity: sha1-+PLIh60Qv2f2NPAFtph/7TF5qsg=, tarball: abbrev/download/abbrev-1.1.1.tgz}

  /accepts/1.3.7:
    resolution: {integrity: sha1-UxvHJlF6OytB+FACHGzBXqq1B80=, tarball: accepts/download/accepts-1.3.7.tgz}
    engines: {node: '>= 0.6'}
    dependencies:
      mime-types: registry.nlark.com/mime-types/2.1.31
      negotiator: 0.6.2
    dev: false

  /amdefine/1.0.1:
    resolution: {integrity: sha1-SlKCrBZHKek2Gbz9OtFR+BfOkfU=, tarball: amdefine/download/amdefine-1.0.1.tgz}
    engines: {node: '>=0.4.2'}
    dev: false

  /ansi-regex/5.0.0:
    resolution: {integrity: sha1-OIU59VF5vzkznIGvMKZU1p+Hy3U=, tarball: ansi-regex/download/ansi-regex-5.0.0.tgz?cache=0&sync_timestamp=1618554239243&other_urls=https%3A%2F%2Fregistry.npm.taobao.org%2Fansi-regex%2Fdownload%2Fansi-regex-5.0.0.tgz}
    engines: {node: '>=8'}
    dev: false

  /anymatch/3.1.2:
    resolution: {integrity: sha1-wFV8CWrzLxBhmPT04qODU343hxY=, tarball: anymatch/download/anymatch-3.1.2.tgz?cache=0&sync_timestamp=1617748091214&other_urls=https%3A%2F%2Fregistry.npm.taobao.org%2Fanymatch%2Fdownload%2Fanymatch-3.1.2.tgz}
    engines: {node: '>= 8'}
    dependencies:
      normalize-path: 3.0.0
      picomatch: registry.nlark.com/picomatch/2.3.0

  /archy/1.0.0:
    resolution: {integrity: sha1-+cjBN1fMHde8N5rHeyxipcKGjEA=, tarball: archy/download/archy-1.0.0.tgz}
    dev: false

  /argparse/1.0.10:
    resolution: {integrity: sha1-vNZ5HqWuCXJeF+WtmIE0zUCz2RE=, tarball: argparse/download/argparse-1.0.10.tgz}
    dependencies:
      sprintf-js: 1.0.3
    dev: false

  /argparse/2.0.1:
    resolution: {integrity: sha1-JG9Q88p4oyQPbJl+ipvR6sSeSzg=, tarball: argparse/download/argparse-2.0.1.tgz}
    dev: false

  /asap/2.0.6:
    resolution: {integrity: sha1-5QNHYR1+aQlDIIu9r+vLwvuGbUY=, tarball: asap/download/asap-2.0.6.tgz}
    dev: false

  /atob/2.1.2:
    resolution: {integrity: sha1-bZUX654DDSQ2ZmZR6GvZ9vE1M8k=, tarball: atob/download/atob-2.1.2.tgz}
    engines: {node: '>= 4.5.0'}
    hasBin: true
    dev: false

  /balanced-match/1.0.2:
    resolution: {integrity: sha1-6D46fj8wCzTLnYf2FfoMvzV2kO4=, tarball: balanced-match/download/balanced-match-1.0.2.tgz}
    dev: false

  /basic-auth/2.0.1:
    resolution: {integrity: sha1-uZgnm/R844NEtPPPkW1Gebv1Hjo=, tarball: basic-auth/download/basic-auth-2.0.1.tgz}
    engines: {node: '>= 0.8'}
    dependencies:
      safe-buffer: 5.1.2
    dev: false

  /binary-extensions/2.2.0:
    resolution: {integrity: sha1-dfUC7q+f/eQvyYgpZFvk6na9ni0=, tarball: binary-extensions/download/binary-extensions-2.2.0.tgz}
    engines: {node: '>=8'}

  /bluebird/3.7.2:
    resolution: {integrity: sha1-nyKcFb4nJFT/qXOs4NvueaGww28=, tarball: bluebird/download/bluebird-3.7.2.tgz}

  /brace-expansion/1.1.11:
    resolution: {integrity: sha1-PH/L9SnYcibz0vUrlm/1Jx60Qd0=, tarball: brace-expansion/download/brace-expansion-1.1.11.tgz}
    dependencies:
      balanced-match: 1.0.2
      concat-map: 0.0.1
    dev: false

  /braces/3.0.2:
    resolution: {integrity: sha1-NFThpGLujVmeI23zNs2epPiv4Qc=, tarball: braces/download/braces-3.0.2.tgz}
    engines: {node: '>=8'}
    dependencies:
      fill-range: 7.0.1

  /bytes/3.0.0:
    resolution: {integrity: sha1-0ygVQE1olpn4Wk6k+odV3ROpYEg=, tarball: bytes/download/bytes-3.0.0.tgz}
    engines: {node: '>= 0.8'}
    dev: false

  /camel-case/4.1.2:
    resolution: {integrity: sha1-lygHKpVPgFIoIlpt7qazhGHhvVo=, tarball: camel-case/download/camel-case-4.1.2.tgz}
    dependencies:
      pascal-case: 3.1.2
      tslib: registry.nlark.com/tslib/2.3.0

  /chokidar/3.5.1:
    resolution: {integrity: sha1-7pznu+vSt59J8wR5nVRo4x4U5oo=, tarball: chokidar/download/chokidar-3.5.1.tgz}
    engines: {node: '>= 8.10.0'}
    dependencies:
      anymatch: 3.1.2
      braces: 3.0.2
      glob-parent: registry.nlark.com/glob-parent/5.1.2
      is-binary-path: 2.1.0
      is-glob: 4.0.1
      normalize-path: 3.0.0
      readdirp: 3.5.0
    optionalDependencies:
      fsevents: 2.3.2

  /clipboard/2.0.8:
    resolution: {integrity: sha1-/8bBA90pZ6gwBfP2GXaqRlWkzbo=, tarball: clipboard/download/clipboard-2.0.8.tgz}
    dependencies:
      good-listener: 1.2.2
      select: 1.1.2
      tiny-emitter: 2.1.0
    optional: true

  /color-convert/2.0.1:
    resolution: {integrity: sha1-ctOmjVmMm9s68q0ehPIdiWq9TeM=, tarball: color-convert/download/color-convert-2.0.1.tgz}
    engines: {node: '>=7.0.0'}
    dependencies:
      color-name: 1.1.4

  /color-name/1.1.4:
    resolution: {integrity: sha1-wqCah6y95pVD3m9j+jmVyCbFNqI=, tarball: color-name/download/color-name-1.1.4.tgz}

  /command-exists/1.2.9:
    resolution: {integrity: sha1-xQclrzgIyKsCYP1gsB+/oluVT2k=, tarball: command-exists/download/command-exists-1.2.9.tgz}

  /compressible/2.0.18:
    resolution: {integrity: sha1-r1PMprBw1MPAdQ+9dyhqbXzEb7o=, tarball: compressible/download/compressible-2.0.18.tgz}
    engines: {node: '>= 0.6'}
    dependencies:
      mime-db: registry.nlark.com/mime-db/1.48.0
    dev: false

  /compression/1.7.4:
    resolution: {integrity: sha1-lVI+/xcMpXwpoMpB5v4TH0Hlu48=, tarball: compression/download/compression-1.7.4.tgz}
    engines: {node: '>= 0.8.0'}
    dependencies:
      accepts: 1.3.7
      bytes: 3.0.0
      compressible: 2.0.18
      debug: registry.nlark.com/debug/2.6.9
      on-headers: 1.0.2
      safe-buffer: 5.1.2
      vary: 1.1.2
    dev: false

  /concat-map/0.0.1:
    resolution: {integrity: sha1-2Klr13/Wjfd5OnMDajug1UBdR3s=, tarball: concat-map/download/concat-map-0.0.1.tgz}
    dev: false

  /connect/3.7.0:
    resolution: {integrity: sha1-XUk0iRDKpeB6AYALAw0MNfIEhPg=, tarball: connect/download/connect-3.7.0.tgz}
    engines: {node: '>= 0.10.0'}
    dependencies:
      debug: registry.nlark.com/debug/2.6.9
      finalhandler: 1.1.2
      parseurl: 1.3.3
      utils-merge: 1.0.1
    dev: false

  /cross-spawn/7.0.3:
    resolution: {integrity: sha1-9zqFudXUHQRVUcF34ogtSshXKKY=, tarball: cross-spawn/download/cross-spawn-7.0.3.tgz}
    engines: {node: '>= 8'}
    dependencies:
      path-key: 3.1.1
      shebang-command: 2.0.0
      which: 2.0.2

  /css-parse/1.7.0:
    resolution: {integrity: sha1-Mh9s9zeCpv91ERE5D8BeLGV9jJs=, tarball: css-parse/download/css-parse-1.7.0.tgz}
    dev: false

  /css-parse/2.0.0:
    resolution: {integrity: sha1-pGjuZnwW2BzPBcWMONKpfHgNv9Q=, tarball: css-parse/download/css-parse-2.0.0.tgz}
    dependencies:
      css: 2.2.4
    dev: false

  /css/2.2.4:
    resolution: {integrity: sha1-xkZ1XHOXHyu6amAeLPL9cbEpiSk=, tarball: css/download/css-2.2.4.tgz}
    dependencies:
      inherits: 2.0.4
      source-map: 0.6.1
      source-map-resolve: 0.5.3
      urix: 0.1.0
    dev: false

  /decode-uri-component/0.2.0:
    resolution: {integrity: sha1-6zkTMzRYd1y4TNGh+uBiEGu4dUU=, tarball: decode-uri-component/download/decode-uri-component-0.2.0.tgz}
    engines: {node: '>=0.10'}
    dev: false

  /deepmerge/4.2.2:
    resolution: {integrity: sha1-RNLqNnm49NT/ujPwPYZfwee/SVU=, tarball: deepmerge/download/deepmerge-4.2.2.tgz?cache=0&sync_timestamp=1615986658392&other_urls=https%3A%2F%2Fregistry.npm.taobao.org%2Fdeepmerge%2Fdownload%2Fdeepmerge-4.2.2.tgz}
    engines: {node: '>=0.10.0'}

  /delegate/3.2.0:
    resolution: {integrity: sha1-tmtxwxWFIuirV0T3INjKDCr1kWY=, tarball: delegate/download/delegate-3.2.0.tgz}
    optional: true

  /depd/1.1.2:
    resolution: {integrity: sha1-m81S4UwJd2PnSbJ0xDRu0uVgtak=, tarball: depd/download/depd-1.1.2.tgz}
    engines: {node: '>= 0.6'}
    dev: false

  /depd/2.0.0:
    resolution: {integrity: sha1-tpYWPMdXVg0JzyLMj60Vcbeedt8=, tarball: depd/download/depd-2.0.0.tgz}
    engines: {node: '>= 0.8'}
    dev: false

  /destroy/1.0.4:
    resolution: {integrity: sha1-l4hXRCxEdJ5CBmE+N5RiBYJqvYA=, tarball: destroy/download/destroy-1.0.4.tgz}
    dev: false

  /domelementtype/2.2.0:
    resolution: {integrity: sha1-mgtsJ4LtahxzI9QiZxg9+b2LHVc=, tarball: domelementtype/download/domelementtype-2.2.0.tgz}

  /domhandler/4.2.0:
    resolution: {integrity: sha1-+XaKXwNL5gqJonwuTQ9066DYsFk=, tarball: domhandler/download/domhandler-4.2.0.tgz}
    engines: {node: '>= 4'}
    dependencies:
      domelementtype: 2.2.0

  /ee-first/1.1.1:
    resolution: {integrity: sha1-WQxhFWsK4vTwJVcyoViyZrxWsh0=, tarball: ee-first/download/ee-first-1.1.1.tgz}
    dev: false

  /ejs/2.7.4:
    resolution: {integrity: sha1-SGYSh1c9zFPjZsehrlLDoSDuybo=, tarball: ejs/download/ejs-2.7.4.tgz}
    engines: {node: '>=0.10.0'}
    requiresBuild: true
    dev: false

  /encodeurl/1.0.2:
    resolution: {integrity: sha1-rT/0yG7C0CkyL1oCw6mmBslbP1k=, tarball: encodeurl/download/encodeurl-1.0.2.tgz}
    engines: {node: '>= 0.8'}
    dev: false

  /entities/2.2.0:
    resolution: {integrity: sha1-CY3JDruD2N/6CJ1VJWs1HTTE2lU=, tarball: entities/download/entities-2.2.0.tgz?cache=0&other_urls=https%3A%2F%2Fregistry.npm.taobao.org%2Fentities%2Fdownload%2Fentities-2.2.0.tgz}

  /escape-html/1.0.3:
    resolution: {integrity: sha1-Aljq5NPQwJdN4cFpGI7wBR0dGYg=, tarball: escape-html/download/escape-html-1.0.3.tgz?cache=0&sync_timestamp=1615986563196&other_urls=https%3A%2F%2Fregistry.npm.taobao.org%2Fescape-html%2Fdownload%2Fescape-html-1.0.3.tgz}
    dev: false

  /esprima/4.0.1:
    resolution: {integrity: sha1-E7BM2z5sXRnfkatph6hpVhmwqnE=, tarball: esprima/download/esprima-4.0.1.tgz}
    engines: {node: '>=4'}
    hasBin: true
    dev: false

  /etag/1.8.1:
    resolution: {integrity: sha1-Qa4u62XvpiJorr/qg6x9eSmbCIc=, tarball: etag/download/etag-1.8.1.tgz}
    engines: {node: '>= 0.6'}
    dev: false

  /fill-range/7.0.1:
    resolution: {integrity: sha1-GRmmp8df44ssfHflGYU12prN2kA=, tarball: fill-range/download/fill-range-7.0.1.tgz}
    engines: {node: '>=8'}
    dependencies:
      to-regex-range: 5.0.1

  /finalhandler/1.1.2:
    resolution: {integrity: sha1-t+fQAP/RGTjQ/bBTUG9uur6fWH0=, tarball: finalhandler/download/finalhandler-1.1.2.tgz}
    engines: {node: '>= 0.8'}
    dependencies:
      debug: registry.nlark.com/debug/2.6.9
      encodeurl: 1.0.2
      escape-html: 1.0.3
      on-finished: 2.3.0
      parseurl: 1.3.3
      statuses: 1.5.0
      unpipe: 1.0.0
    dev: false

  /fresh/0.5.2:
    resolution: {integrity: sha1-PYyt2Q2XZWn6g1qx+OSyOhBWBac=, tarball: fresh/download/fresh-0.5.2.tgz}
    engines: {node: '>= 0.6'}
    dev: false

  /fs.realpath/1.0.0:
    resolution: {integrity: sha1-FQStJSMVjKpA20onh8sBQRmU6k8=, tarball: fs.realpath/download/fs.realpath-1.0.0.tgz}
    dev: false

  /fsevents/2.3.2:
    resolution: {integrity: sha1-ilJveLj99GI7cJ4Ll1xSwkwC/Ro=, tarball: fsevents/download/fsevents-2.3.2.tgz}
    engines: {node: ^8.16.0 || ^10.6.0 || >=11.0.0}
    optional: true

  /function-bind/1.1.1:
    resolution: {integrity: sha1-pWiZ0+o8m6uHS7l3O3xe3pL0iV0=, tarball: function-bind/download/function-bind-1.1.1.tgz}

  /good-listener/1.2.2:
    resolution: {integrity: sha1-1TswzfkxPf+33JoNR3CWqm0UXFA=, tarball: good-listener/download/good-listener-1.2.2.tgz}
    dependencies:
      delegate: 3.2.0
    optional: true

  /graceful-fs/4.2.6:
    resolution: {integrity: sha1-/wQLKwhTsjw9MQJ1I3BvGIXXa+4=, tarball: graceful-fs/download/graceful-fs-4.2.6.tgz}

  /has-flag/4.0.0:
    resolution: {integrity: sha1-lEdx/ZyByBJlxNaUGGDaBrtZR5s=, tarball: has-flag/download/has-flag-4.0.0.tgz?cache=0&sync_timestamp=1618559697170&other_urls=https%3A%2F%2Fregistry.npm.taobao.org%2Fhas-flag%2Fdownload%2Fhas-flag-4.0.0.tgz}
    engines: {node: '>=8'}

  /has/1.0.3:
    resolution: {integrity: sha1-ci18v8H2qoJB8W3YFOAR4fQeh5Y=, tarball: has/download/has-1.0.3.tgz}
    engines: {node: '>= 0.4.0'}
    dependencies:
      function-bind: 1.1.1

  /hexo-fs/3.1.0:
    resolution: {integrity: sha1-IFL/csaM2ixXeoeqDqeYCuUD+pk=, tarball: hexo-fs/download/hexo-fs-3.1.0.tgz}
    engines: {node: '>=10.13.0'}
    dependencies:
      bluebird: 3.7.2
      chokidar: 3.5.1
      graceful-fs: 4.2.6
      hexo-util: registry.nlark.com/hexo-util/2.5.0

  /htmlparser2/6.1.0:
    resolution: {integrity: sha1-xNditsM3GgXb5l6UrkOp+EX7j7c=, tarball: htmlparser2/download/htmlparser2-6.1.0.tgz}
    dependencies:
      domelementtype: 2.2.0
      domhandler: 4.2.0
      domutils: registry.nlark.com/domutils/2.7.0
      entities: 2.2.0

  /http-errors/1.7.3:
    resolution: {integrity: sha1-bGGeT5xgMIw4UZSYwU+7EKrOuwY=, tarball: http-errors/download/http-errors-1.7.3.tgz}
    engines: {node: '>= 0.6'}
    dependencies:
      depd: 1.1.2
      inherits: 2.0.4
      setprototypeof: 1.1.1
      statuses: 1.5.0
      toidentifier: 1.0.0
    dev: false

  /inflight/1.0.6:
    resolution: {integrity: sha1-Sb1jMdfQLQwJvJEKEHW6gWW1bfk=, tarball: inflight/download/inflight-1.0.6.tgz}
    dependencies:
      once: 1.4.0
      wrappy: registry.nlark.com/wrappy/1.0.2
    dev: false

  /inherits/2.0.4:
    resolution: {integrity: sha1-D6LGT5MpF8NDOg3tVTY6rjdBa3w=, tarball: inherits/download/inherits-2.0.4.tgz}
    dev: false

  /is-binary-path/2.1.0:
    resolution: {integrity: sha1-6h9/O4DwZCNug0cPhsCcJU+0Wwk=, tarball: is-binary-path/download/is-binary-path-2.1.0.tgz}
    engines: {node: '>=8'}
    dependencies:
      binary-extensions: 2.2.0

  /is-docker/2.2.1:
    resolution: {integrity: sha1-M+6r4jz+hvFL3kQIoCwM+4U6zao=, tarball: is-docker/download/is-docker-2.2.1.tgz}
    engines: {node: '>=8'}
    hasBin: true
    dev: false

  /is-extglob/2.1.1:
    resolution: {integrity: sha1-qIwCU1eR8C7TfHahueqXc8gz+MI=, tarball: is-extglob/download/is-extglob-2.1.1.tgz}
    engines: {node: '>=0.10.0'}

  /is-glob/4.0.1:
    resolution: {integrity: sha1-dWfb6fL14kZ7x3q4PEopSCQHpdw=, tarball: is-glob/download/is-glob-4.0.1.tgz}
    engines: {node: '>=0.10.0'}
    dependencies:
      is-extglob: 2.1.1

  /is-number/7.0.0:
    resolution: {integrity: sha1-dTU0W4lnNNX4DE0GxQlVUnoU8Ss=, tarball: is-number/download/is-number-7.0.0.tgz}
    engines: {node: '>=0.12.0'}

  /is-plain-object/3.0.1:
    resolution: {integrity: sha1-Zi2S0kwKpDAkB7DUXSHyJRyF+Fs=, tarball: is-plain-object/download/is-plain-object-3.0.1.tgz}
    engines: {node: '>=0.10.0'}
    dev: false

  /is-wsl/2.2.0:
    resolution: {integrity: sha1-dKTHbnfKn9P5MvKQwX6jJs0VcnE=, tarball: is-wsl/download/is-wsl-2.2.0.tgz}
    engines: {node: '>=8'}
    dependencies:
      is-docker: 2.2.1
    dev: false

  /isexe/2.0.0:
    resolution: {integrity: sha1-6PvzdNxVb/iUehDcsFctYz8s+hA=, tarball: isexe/download/isexe-2.0.0.tgz}

  /js-yaml/3.14.1:
    resolution: {integrity: sha1-2ugS/bOCX6MGYJqHFzg8UMNqBTc=, tarball: js-yaml/download/js-yaml-3.14.1.tgz}
    hasBin: true
    dependencies:
      argparse: 1.0.10
      esprima: 4.0.1
    dev: false

  /js-yaml/4.1.0:
    resolution: {integrity: sha1-wftl+PUBeQHN0slRhkuhhFihBgI=, tarball: js-yaml/download/js-yaml-4.1.0.tgz}
    hasBin: true
    dependencies:
      argparse: 2.0.1
    dev: false

  /jsonparse/1.3.1:
    resolution: {integrity: sha1-P02uSpH6wxX3EGL4UhzCOfE2YoA=, tarball: jsonparse/download/jsonparse-1.3.1.tgz}
    engines: {'0': node >= 0.2.0}
    dev: false

  /lower-case/2.0.2:
    resolution: {integrity: sha1-b6I3xj29xKgsoP2ILkci3F5jTig=, tarball: lower-case/download/lower-case-2.0.2.tgz}
    dependencies:
      tslib: registry.nlark.com/tslib/2.3.0

  /micromatch/4.0.4:
    resolution: {integrity: sha1-iW1Rnf6dsl/OlM63pQCRm/iB6/k=, tarball: micromatch/download/micromatch-4.0.4.tgz?cache=0&sync_timestamp=1618054885525&other_urls=https%3A%2F%2Fregistry.npm.taobao.org%2Fmicromatch%2Fdownload%2Fmicromatch-4.0.4.tgz}
    engines: {node: '>=8.6'}
    dependencies:
      braces: 3.0.2
      picomatch: registry.nlark.com/picomatch/2.3.0
    dev: false

  /mime/1.6.0:
    resolution: {integrity: sha1-Ms2eXGRVO9WNGaVor0Uqz/BJgbE=, tarball: mime/download/mime-1.6.0.tgz}
    engines: {node: '>=4'}
    hasBin: true
    dev: false

  /mime/2.5.2:
    resolution: {integrity: sha1-bj3GzCuVEGQ4MOXxnVy3U9pe6r4=, tarball: mime/download/mime-2.5.2.tgz}
    engines: {node: '>=4.0.0'}
    hasBin: true
    dev: false

  /min-indent/1.0.1:
    resolution: {integrity: sha1-pj9oFnOzBXH76LwlaGrnRu76mGk=, tarball: min-indent/download/min-indent-1.0.1.tgz}
    engines: {node: '>=4'}

  /minimatch/3.0.4:
    resolution: {integrity: sha1-UWbihkV/AzBgZL5Ul+jbsMPTIIM=, tarball: minimatch/download/minimatch-3.0.4.tgz}
    dependencies:
      brace-expansion: 1.1.11
    dev: false

  /minimist/1.2.5:
    resolution: {integrity: sha1-Z9ZgFLZqaoqqDAg8X9WN9OTpdgI=, tarball: minimist/download/minimist-1.2.5.tgz}

  /mkdirp/0.5.5:
    resolution: {integrity: sha1-2Rzv1i0UNsoPQWIOJRKI1CAJne8=, tarball: mkdirp/download/mkdirp-0.5.5.tgz}
    hasBin: true
    dependencies:
      minimist: 1.2.5
    dev: false

  /mkdirp/1.0.4:
    resolution: {integrity: sha1-PrXtYmInVteaXw4qIh3+utdcL34=, tarball: mkdirp/download/mkdirp-1.0.4.tgz}
    engines: {node: '>=10'}
    hasBin: true
    dev: false

  /moment-timezone/0.5.33:
    resolution: {integrity: sha1-slL9a7V/NBybWaWrYajlGnO70iw=, tarball: moment-timezone/download/moment-timezone-0.5.33.tgz}
    dependencies:
      moment: 2.29.1
    dev: false

  /moment/2.29.1:
    resolution: {integrity: sha1-sr52n6MZQL6e7qZGnAdeNQBvo9M=, tarball: moment/download/moment-2.29.1.tgz}
    dev: false

  /ms/2.0.0:
    resolution: {integrity: sha1-VgiurfwAvmwpAd9fmGF4jeDVl8g=, tarball: ms/download/ms-2.0.0.tgz}
    dev: false

  /ms/2.1.1:
    resolution: {integrity: sha1-MKWGTrPrsKZvLr5tcnrwagnYbgo=, tarball: ms/download/ms-2.1.1.tgz}
    dev: false

  /ms/2.1.2:
    resolution: {integrity: sha1-0J0fNXtEP0kzgqjrPM0YOHKuYAk=, tarball: ms/download/ms-2.1.2.tgz}
    dev: false

  /negotiator/0.6.2:
    resolution: {integrity: sha1-/qz3zPUlp3rpY0Q2pkiD/+yjRvs=, tarball: negotiator/download/negotiator-0.6.2.tgz}
    engines: {node: '>= 0.6'}
    dev: false

  /no-case/3.0.4:
    resolution: {integrity: sha1-02H9XJgA9VhVGoNp/A3NRmK2Ek0=, tarball: no-case/download/no-case-3.0.4.tgz}
    dependencies:
      lower-case: 2.0.2
      tslib: registry.nlark.com/tslib/2.3.0

  /normalize-path/3.0.0:
    resolution: {integrity: sha1-Dc1p/yOhybEf0JeDFmRKA4ghamU=, tarball: normalize-path/download/normalize-path-3.0.0.tgz}
    engines: {node: '>=0.10.0'}

  /nunjucks/3.2.3:
    resolution: {integrity: sha1-GzNhUkcpDpTigmO12FXs52VkijE=, tarball: nunjucks/download/nunjucks-3.2.3.tgz}
    engines: {node: '>= 6.9.0'}
    hasBin: true
    peerDependencies:
      chokidar: ^3.3.0
    peerDependenciesMeta:
      chokidar:
        optional: true
    dependencies:
      a-sync-waterfall: registry.nlark.com/a-sync-waterfall/1.0.1
      asap: 2.0.6
      commander: registry.nlark.com/commander/5.1.0
    dev: false

  /on-finished/2.3.0:
    resolution: {integrity: sha1-IPEzZIGwg811M3mSoWlxqi2QaUc=, tarball: on-finished/download/on-finished-2.3.0.tgz}
    engines: {node: '>= 0.8'}
    dependencies:
      ee-first: 1.1.1
    dev: false

  /on-headers/1.0.2:
    resolution: {integrity: sha1-dysK5qqlJcOZ5Imt+tkMQD6zwo8=, tarball: on-headers/download/on-headers-1.0.2.tgz}
    engines: {node: '>= 0.8'}
    dev: false

  /once/1.4.0:
    resolution: {integrity: sha1-WDsap3WWHUsROsF9nFC6753Xa9E=, tarball: once/download/once-1.4.0.tgz}
    dependencies:
      wrappy: registry.nlark.com/wrappy/1.0.2
    dev: false

  /parseurl/1.3.3:
    resolution: {integrity: sha1-naGee+6NEt/wUT7Vt2lXeTvC6NQ=, tarball: parseurl/download/parseurl-1.3.3.tgz}
    engines: {node: '>= 0.8'}
    dev: false

  /pascal-case/3.1.2:
    resolution: {integrity: sha1-tI4O8rmOIF58Ha50fQsVCCN2YOs=, tarball: pascal-case/download/pascal-case-3.1.2.tgz}
    dependencies:
      no-case: 3.0.4
      tslib: registry.nlark.com/tslib/2.3.0

  /path-is-absolute/1.0.1:
    resolution: {integrity: sha1-F0uSaHNVNP+8es5r9TpanhtcX18=, tarball: path-is-absolute/download/path-is-absolute-1.0.1.tgz}
    engines: {node: '>=0.10.0'}
    dev: false

  /path-key/3.1.1:
    resolution: {integrity: sha1-WB9q3mWMu6ZaDTOA3ndTKVBU83U=, tarball: path-key/download/path-key-3.1.1.tgz}
    engines: {node: '>=8'}

  /pretty-hrtime/1.0.3:
    resolution: {integrity: sha1-t+PqQkNaTJsnWdmeDyAesZWALuE=, tarball: pretty-hrtime/download/pretty-hrtime-1.0.3.tgz}
    engines: {node: '>= 0.8'}
    dev: false

  /prismjs/1.23.0:
    resolution: {integrity: sha1-07OWf31yRAaQSXZSqdQP8EYGfzM=, tarball: prismjs/download/prismjs-1.23.0.tgz}
    optionalDependencies:
      clipboard: 2.0.8

  /range-parser/1.2.1:
    resolution: {integrity: sha1-PPNwI9GZ4cJNGlW4SADC8+ZGgDE=, tarball: range-parser/download/range-parser-1.2.1.tgz}
    engines: {node: '>= 0.6'}
    dev: false

  /readdirp/3.5.0:
    resolution: {integrity: sha1-m6dMAZsV02UnjS6Ru4xI17TULJ4=, tarball: readdirp/download/readdirp-3.5.0.tgz?cache=0&sync_timestamp=1615719701333&other_urls=https%3A%2F%2Fregistry.npm.taobao.org%2Freaddirp%2Fdownload%2Freaddirp-3.5.0.tgz}
    engines: {node: '>=8.10.0'}
    dependencies:
      picomatch: registry.nlark.com/picomatch/2.3.0

  /resolve-url/0.2.1:
    resolution: {integrity: sha1-LGN/53yJOv0qZj/iGqkIAGjiBSo=, tarball: resolve-url/download/resolve-url-0.2.1.tgz}
    deprecated: https://github.com/lydell/resolve-url#deprecated
    dev: false

  /resolve/1.20.0:
    resolution: {integrity: sha1-YpoBP7P3B1XW8LeTXMHCxTeLGXU=, tarball: resolve/download/resolve-1.20.0.tgz}
    dependencies:
      is-core-module: registry.nlark.com/is-core-module/2.4.0
      path-parse: registry.nlark.com/path-parse/1.0.7

  /rfdc/1.3.0:
    resolution: {integrity: sha1-0LfEQasnINBdxM8m4ByJYx2doIs=, tarball: rfdc/download/rfdc-1.3.0.tgz}
    dev: false

  /safe-buffer/5.1.2:
    resolution: {integrity: sha1-mR7GnSluAxN0fVm9/St0XDX4go0=, tarball: safe-buffer/download/safe-buffer-5.1.2.tgz}
    dev: false

  /safer-buffer/2.1.2:
    resolution: {integrity: sha1-RPoWGwGHuVSd2Eu5GAL5vYOFzWo=, tarball: safer-buffer/download/safer-buffer-2.1.2.tgz}
    dev: false

  /sax/0.5.8:
    resolution: {integrity: sha1-1HLbIo6zMcJQaw6MFVJK25OdEsE=, tarball: sax/download/sax-0.5.8.tgz}
    dev: false

  /sax/1.2.4:
    resolution: {integrity: sha1-KBYjTiN4vdxOU1T6tcqold9xANk=, tarball: sax/download/sax-1.2.4.tgz}
    dev: false

  /select/1.1.2:
    resolution: {integrity: sha1-DnNQrN7ICxEIUoeG7B1EGNEbOW0=, tarball: select/download/select-1.1.2.tgz}
    optional: true

  /semver/6.3.0:
    resolution: {integrity: sha1-7gpkyK9ejO6mdoexM3YeG+y9HT0=, tarball: semver/download/semver-6.3.0.tgz}
    hasBin: true
    dev: false

  /send/0.17.1:
    resolution: {integrity: sha1-wdiwWfeQD3Rm3Uk4vcROEd2zdsg=, tarball: send/download/send-0.17.1.tgz}
    engines: {node: '>= 0.8.0'}
    dependencies:
      debug: registry.nlark.com/debug/2.6.9
      depd: 1.1.2
      destroy: 1.0.4
      encodeurl: 1.0.2
      escape-html: 1.0.3
      etag: 1.8.1
      fresh: 0.5.2
      http-errors: 1.7.3
      mime: 1.6.0
      ms: 2.1.1
      on-finished: 2.3.0
      range-parser: 1.2.1
      statuses: 1.5.0
    dev: false

  /serve-static/1.14.1:
    resolution: {integrity: sha1-Zm5jbcTwEPfvKZcKiKZ0MgiYsvk=, tarball: serve-static/download/serve-static-1.14.1.tgz}
    engines: {node: '>= 0.8.0'}
    dependencies:
      encodeurl: 1.0.2
      escape-html: 1.0.3
      parseurl: 1.3.3
      send: 0.17.1
    dev: false

  /setprototypeof/1.1.1:
    resolution: {integrity: sha1-fpWsskqpL1iF4KvvW6ExMw1K5oM=, tarball: setprototypeof/download/setprototypeof-1.1.1.tgz}
    dev: false

  /shebang-command/2.0.0:
    resolution: {integrity: sha1-zNCvT4g1+9wmW4JGGq8MNmY/NOo=, tarball: shebang-command/download/shebang-command-2.0.0.tgz}
    engines: {node: '>=8'}
    dependencies:
      shebang-regex: 3.0.0

  /shebang-regex/3.0.0:
    resolution: {integrity: sha1-rhbxZE2HPsrYQ7AwexQzYtTEIXI=, tarball: shebang-regex/download/shebang-regex-3.0.0.tgz}
    engines: {node: '>=8'}

  /source-map-resolve/0.5.3:
    resolution: {integrity: sha1-GQhmvs51U+H48mei7oLGBrVQmho=, tarball: source-map-resolve/download/source-map-resolve-0.5.3.tgz}
    dependencies:
      atob: 2.1.2
      decode-uri-component: 0.2.0
      resolve-url: 0.2.1
      source-map-url: 0.4.1
      urix: 0.1.0
    dev: false

  /source-map-url/0.4.1:
    resolution: {integrity: sha1-CvZmBadFpaL5HPG7+KevvCg97FY=, tarball: source-map-url/download/source-map-url-0.4.1.tgz}
    dev: false

  /source-map/0.1.43:
    resolution: {integrity: sha1-wkvBRspRfBRx9drL4lcbK3+eM0Y=, tarball: source-map/download/source-map-0.1.43.tgz}
    engines: {node: '>=0.8.0'}
    dependencies:
      amdefine: 1.0.1
    dev: false

  /source-map/0.6.1:
    resolution: {integrity: sha1-dHIq8y6WFOnCh6jQu95IteLxomM=, tarball: source-map/download/source-map-0.6.1.tgz}
    engines: {node: '>=0.10.0'}
    dev: false

  /source-map/0.7.3:
    resolution: {integrity: sha1-UwL4FpAxc1ImVECS5kmB91F1A4M=, tarball: source-map/download/source-map-0.7.3.tgz}
    engines: {node: '>= 8'}
    dev: false

  /sprintf-js/1.0.3:
    resolution: {integrity: sha1-BOaSb2YolTVPPdAVIDYzuFcpfiw=, tarball: sprintf-js/download/sprintf-js-1.0.3.tgz}
    dev: false

  /sprintf-js/1.1.2:
    resolution: {integrity: sha1-2hdlJiv4wPVxdJ8q1sJjACB65nM=, tarball: sprintf-js/download/sprintf-js-1.1.2.tgz}
    dev: false

  /statuses/1.5.0:
    resolution: {integrity: sha1-Fhx9rBd2Wf2YEfQ3cfqZOBR4Yow=, tarball: statuses/download/statuses-1.5.0.tgz}
    engines: {node: '>= 0.6'}
    dev: false

  /strip-ansi/6.0.0:
    resolution: {integrity: sha1-CxVx3XZpzNTz4G4U7x7tJiJa5TI=, tarball: strip-ansi/download/strip-ansi-6.0.0.tgz}
    engines: {node: '>=8'}
    dependencies:
      ansi-regex: 5.0.0
    dev: false

  /stylus/0.54.5:
    resolution: {integrity: sha1-QrlWCTHKcJDOhRWnmLqeaqPW3Hk=, tarball: stylus/download/stylus-0.54.5.tgz}
    hasBin: true
    dependencies:
      css-parse: 1.7.0
      debug: registry.nlark.com/debug/4.3.1
      glob: registry.nlark.com/glob/7.0.6
      mkdirp: 0.5.5
      sax: 0.5.8
      source-map: 0.1.43
    dev: false

  /stylus/0.54.8:
    resolution: {integrity: sha1-PaPmWWa8Vnp7BEv+DuzmU+CZ0Uc=, tarball: stylus/download/stylus-0.54.8.tgz}
    hasBin: true
    dependencies:
      css-parse: 2.0.0
      debug: registry.nlark.com/debug/3.1.0
      glob: registry.nlark.com/glob/7.1.7
      mkdirp: 1.0.4
      safer-buffer: 2.1.2
      sax: 1.2.4
      semver: 6.3.0
      source-map: 0.7.3
    dev: false

  /text-table/0.2.0:
    resolution: {integrity: sha1-f17oI66AUgfACvLfSoTsP8+lcLQ=, tarball: text-table/download/text-table-0.2.0.tgz}
    dev: false

  /tildify/2.0.0:
    resolution: {integrity: sha1-8gXzZ01nfOaYtwZ6melJzgO0dUo=, tarball: tildify/download/tildify-2.0.0.tgz}
    engines: {node: '>=8'}

  /timsort/0.3.0:
    resolution: {integrity: sha1-QFQRqOfmM5/mTbmiNN4R3DHgK9Q=, tarball: timsort/download/timsort-0.3.0.tgz}
    dev: false

  /tiny-emitter/2.1.0:
    resolution: {integrity: sha1-HRpW7fxRxD6GPLtTgqcjMONVVCM=, tarball: tiny-emitter/download/tiny-emitter-2.1.0.tgz}
    optional: true

  /to-regex-range/5.0.1:
    resolution: {integrity: sha1-FkjESq58jZiKMmAY7XL1tN0DkuQ=, tarball: to-regex-range/download/to-regex-range-5.0.1.tgz}
    engines: {node: '>=8.0'}
    dependencies:
      is-number: 7.0.0

  /toidentifier/1.0.0:
    resolution: {integrity: sha1-fhvjRw8ed5SLxD2Uo8j013UrpVM=, tarball: toidentifier/download/toidentifier-1.0.0.tgz}
    engines: {node: '>=0.6'}
    dev: false

  /unpipe/1.0.0:
    resolution: {integrity: sha1-sr9O6FFKrmFltIF4KdIbLvSZBOw=, tarball: unpipe/download/unpipe-1.0.0.tgz}
    engines: {node: '>= 0.8'}
    dev: false

  /urix/0.1.0:
    resolution: {integrity: sha1-2pN/emLiH+wf0Y1Js1wpNQZ6bHI=, tarball: urix/download/urix-0.1.0.tgz}
    deprecated: Please see https://github.com/lydell/urix#deprecated
    dev: false

  /utils-merge/1.0.1:
    resolution: {integrity: sha1-n5VxD1CiZ5R7LMwSR0HBAoQn5xM=, tarball: utils-merge/download/utils-merge-1.0.1.tgz}
    engines: {node: '>= 0.4.0'}
    dev: false

  /vary/1.1.2:
    resolution: {integrity: sha1-IpnwLG3tMNSllhsLn3RSShj2NPw=, tarball: vary/download/vary-1.1.2.tgz}
    engines: {node: '>= 0.8'}
    dev: false

  /which/2.0.2:
    resolution: {integrity: sha1-fGqN0KY2oDJ+ELWckobu6T8/UbE=, tarball: which/download/which-2.0.2.tgz?cache=0&sync_timestamp=1615986567056&other_urls=https%3A%2F%2Fregistry.npm.taobao.org%2Fwhich%2Fdownload%2Fwhich-2.0.2.tgz}
    engines: {node: '>= 8'}
    hasBin: true
    dependencies:
      isexe: 2.0.0

  registry.nlark.com/a-sync-waterfall/1.0.1:
    resolution: {integrity: sha1-dba2qnJZi0l6El56J3DxT0yKH6c=, registry: https://registry.npm.taobao.org/, tarball: https://registry.nlark.com/a-sync-waterfall/download/a-sync-waterfall-1.0.1.tgz}
    name: a-sync-waterfall
    version: 1.0.1
    dev: false

  registry.nlark.com/ansi-styles/4.3.0:
    resolution: {integrity: sha1-7dgDYornHATIWuegkG7a00tkiTc=, registry: https://registry.npm.taobao.org/, tarball: https://registry.nlark.com/ansi-styles/download/ansi-styles-4.3.0.tgz}
    name: ansi-styles
    version: 4.3.0
    engines: {node: '>=8'}
    dependencies:
      color-convert: 2.0.1

  registry.nlark.com/chalk/4.1.1:
    resolution: {integrity: sha1-yAs/qyi/Y3HmhjMl7uZ+YYt35q0=, registry: https://registry.npm.taobao.org/, tarball: https://registry.nlark.com/chalk/download/chalk-4.1.1.tgz?cache=0&sync_timestamp=1618995384030&other_urls=https%3A%2F%2Fregistry.nlark.com%2Fchalk%2Fdownload%2Fchalk-4.1.1.tgz}
    name: chalk
    version: 4.1.1
    engines: {node: '>=10'}
    dependencies:
      ansi-styles: registry.nlark.com/ansi-styles/4.3.0
      supports-color: registry.nlark.com/supports-color/7.2.0

  registry.nlark.com/commander/5.1.0:
    resolution: {integrity: sha1-Rqu9FlL44Fm92u+Zu9yyrZzxea4=, registry: https://registry.npm.taobao.org/, tarball: https://registry.nlark.com/commander/download/commander-5.1.0.tgz}
    name: commander
    version: 5.1.0
    engines: {node: '>= 6'}
    dev: false

  registry.nlark.com/cuid/2.1.8:
    resolution: {integrity: sha1-y7iPlUFx4NV0dgbAE5+2XFEB6sA=, registry: https://registry.npm.taobao.org/, tarball: https://registry.nlark.com/cuid/download/cuid-2.1.8.tgz}
    name: cuid
    version: 2.1.8
    dev: false

  registry.nlark.com/debug/2.6.9:
    resolution: {integrity: sha1-XRKFFd8TT/Mn6QpMk/Tgd6U2NB8=, registry: https://registry.npm.taobao.org/, tarball: https://registry.nlark.com/debug/download/debug-2.6.9.tgz}
    name: debug
    version: 2.6.9
    dependencies:
      ms: 2.0.0
    dev: false

  registry.nlark.com/debug/3.1.0:
    resolution: {integrity: sha1-W7WgZyYotkFJVmuhaBnmFRjGcmE=, registry: https://registry.npm.taobao.org/, tarball: https://registry.nlark.com/debug/download/debug-3.1.0.tgz}
    name: debug
    version: 3.1.0
    dependencies:
      ms: 2.0.0
    dev: false

  registry.nlark.com/debug/4.3.1:
    resolution: {integrity: sha1-8NIpxQXgxtjEmsVT0bE9wYP2su4=, registry: https://registry.npm.taobao.org/, tarball: https://registry.nlark.com/debug/download/debug-4.3.1.tgz}
    name: debug
    version: 4.3.1
    engines: {node: '>=6.0'}
    dependencies:
      ms: 2.1.2
    dev: false

  registry.nlark.com/dom-serializer/1.3.2:
    resolution: {integrity: sha1-YgZDfTLO767HFhgDIwx6ILwbTZE=, registry: https://registry.npm.taobao.org/, tarball: https://registry.nlark.com/dom-serializer/download/dom-serializer-1.3.2.tgz}
    name: dom-serializer
    version: 1.3.2
    dependencies:
      domelementtype: 2.2.0
      domhandler: 4.2.0
      entities: 2.2.0

  registry.nlark.com/domutils/2.7.0:
    resolution: {integrity: sha1-jrrwxB66/PVbC3LsMcVjI3EsVEI=, registry: https://registry.npm.taobao.org/, tarball: https://registry.nlark.com/domutils/download/domutils-2.7.0.tgz}
    name: domutils
    version: 2.7.0
    dependencies:
      dom-serializer: registry.nlark.com/dom-serializer/1.3.2
      domelementtype: 2.2.0
      domhandler: 4.2.0

  registry.nlark.com/glob-parent/5.1.2:
    resolution: {integrity: sha1-hpgyxYA0/mikCTwX3BXoNA2EAcQ=, registry: https://registry.npm.taobao.org/, tarball: https://registry.nlark.com/glob-parent/download/glob-parent-5.1.2.tgz}
    name: glob-parent
    version: 5.1.2
    engines: {node: '>= 6'}
    dependencies:
      is-glob: 4.0.1

  registry.nlark.com/glob/7.0.6:
    resolution: {integrity: sha1-IRuvr0nlJbjNkyYNFKsTYVKz9Xo=, registry: https://registry.npm.taobao.org/, tarball: https://registry.nlark.com/glob/download/glob-7.0.6.tgz}
    name: glob
    version: 7.0.6
    dependencies:
      fs.realpath: 1.0.0
      inflight: 1.0.6
      inherits: 2.0.4
      minimatch: 3.0.4
      once: 1.4.0
      path-is-absolute: 1.0.1
    dev: false

  registry.nlark.com/glob/7.1.7:
    resolution: {integrity: sha1-Oxk+kjPwHULQs/eClLvutBj5SpA=, registry: https://registry.npm.taobao.org/, tarball: https://registry.nlark.com/glob/download/glob-7.1.7.tgz}
    name: glob
    version: 7.1.7
    dependencies:
      fs.realpath: 1.0.0
      inflight: 1.0.6
      inherits: 2.0.4
      minimatch: 3.0.4
      once: 1.4.0
      path-is-absolute: 1.0.1
    dev: false

  registry.nlark.com/hexo-cli/4.2.0:
    resolution: {integrity: sha1-dGR7xyqQuc6/BK9bxwg5qygaMF0=, registry: https://registry.npm.taobao.org/, tarball: https://registry.nlark.com/hexo-cli/download/hexo-cli-4.2.0.tgz}
    name: hexo-cli
    version: 4.2.0
    engines: {node: '>=10.13.0'}
    hasBin: true
    dependencies:
      abbrev: 1.1.1
      bluebird: 3.7.2
      chalk: registry.nlark.com/chalk/4.1.1
      command-exists: 1.2.9
      hexo-fs: 3.1.0
      hexo-log: registry.nlark.com/hexo-log/2.0.0
      hexo-util: registry.nlark.com/hexo-util/2.5.0
      minimist: 1.2.5
      resolve: 1.20.0
      tildify: 2.0.0

  registry.nlark.com/hexo-deployer-git/3.0.0:
    resolution: {integrity: sha1-2oL3o0Rd8rITkm3I0DC6VJm2jPM=, registry: https://registry.npm.taobao.org/, tarball: https://registry.nlark.com/hexo-deployer-git/download/hexo-deployer-git-3.0.0.tgz}
    name: hexo-deployer-git
    version: 3.0.0
    engines: {node: '>=8.6.0'}
    dependencies:
      bluebird: 3.7.2
      chalk: registry.nlark.com/chalk/4.1.1
      hexo-fs: 3.1.0
      hexo-util: registry.nlark.com/hexo-util/2.5.0
      moment: 2.29.1
      nunjucks: 3.2.3
    transitivePeerDependencies:
      - chokidar
    dev: false

  registry.nlark.com/hexo-front-matter/2.0.0:
    resolution: {integrity: sha1-A/Oanu2xbFRI27O+x9/yxOIkAGw=, registry: https://registry.npm.taobao.org/, tarball: https://registry.nlark.com/hexo-front-matter/download/hexo-front-matter-2.0.0.tgz}
    name: hexo-front-matter
    version: 2.0.0
    engines: {node: '>=10.13.0'}
    dependencies:
      js-yaml: 3.14.1
    dev: false

  registry.nlark.com/hexo-generator-archive/1.0.0:
    resolution: {integrity: sha1-rSr7EiMqZeL4YI/Byj8ZFi+2N4Y=, registry: https://registry.npm.taobao.org/, tarball: https://registry.nlark.com/hexo-generator-archive/download/hexo-generator-archive-1.0.0.tgz}
    name: hexo-generator-archive
    version: 1.0.0
    engines: {node: '>=8.6.0'}
    dependencies:
      hexo-pagination: registry.nlark.com/hexo-pagination/1.0.0
    dev: false

  registry.nlark.com/hexo-generator-category/1.0.0:
    resolution: {integrity: sha1-zSorA+sybaPvgh1uKUCEiMwTLrU=, registry: https://registry.npm.taobao.org/, tarball: https://registry.nlark.com/hexo-generator-category/download/hexo-generator-category-1.0.0.tgz}
    name: hexo-generator-category
    version: 1.0.0
    engines: {node: '>=8.6.0'}
    dependencies:
      hexo-pagination: registry.nlark.com/hexo-pagination/1.0.0
    dev: false

  registry.nlark.com/hexo-generator-index/2.0.0:
    resolution: {integrity: sha1-FecfTSjunSFy4td+jR26BIgu3I8=, registry: https://registry.npm.taobao.org/, tarball: https://registry.nlark.com/hexo-generator-index/download/hexo-generator-index-2.0.0.tgz}
    name: hexo-generator-index
    version: 2.0.0
    engines: {node: '>=10.13.0'}
    dependencies:
      hexo-pagination: registry.nlark.com/hexo-pagination/1.0.0
      timsort: 0.3.0
    dev: false

  registry.nlark.com/hexo-generator-tag/1.0.0:
    resolution: {integrity: sha1-VOwj3pQJx1WE6oHjYFelkDGwIvE=, registry: https://registry.npm.taobao.org/, tarball: https://registry.nlark.com/hexo-generator-tag/download/hexo-generator-tag-1.0.0.tgz}
    name: hexo-generator-tag
    version: 1.0.0
    engines: {node: '>=8.6.0'}
    dependencies:
      hexo-pagination: registry.nlark.com/hexo-pagination/1.0.0
    dev: false

  registry.nlark.com/hexo-i18n/1.0.0:
    resolution: {integrity: sha1-eYP7OjE+kGFbhN2PqUanHEie9b0=, registry: https://registry.npm.taobao.org/, tarball: https://registry.nlark.com/hexo-i18n/download/hexo-i18n-1.0.0.tgz}
    name: hexo-i18n
    version: 1.0.0
    engines: {node: '>=8.6.0'}
    dependencies:
      sprintf-js: 1.1.2
    dev: false

  registry.nlark.com/hexo-log/2.0.0:
    resolution: {integrity: sha1-HcyOlgApsIshmU/ixWxOPWNG6JM=, registry: https://registry.npm.taobao.org/, tarball: https://registry.nlark.com/hexo-log/download/hexo-log-2.0.0.tgz}
    name: hexo-log
    version: 2.0.0
    engines: {node: '>=10.13.0'}
    dependencies:
      chalk: registry.nlark.com/chalk/4.1.1

  registry.nlark.com/hexo-pagination/1.0.0:
    resolution: {integrity: sha1-ycDKNmUme56dCon8PtyvMnaQfcE=, registry: https://registry.npm.taobao.org/, tarball: https://registry.nlark.com/hexo-pagination/download/hexo-pagination-1.0.0.tgz}
    name: hexo-pagination
    version: 1.0.0
    engines: {node: '>=8.6.0'}
    dev: false

  registry.nlark.com/hexo-renderer-ejs/1.0.0:
    resolution: {integrity: sha1-Q8TeSe6uIkA2pFffhg6xwUxotLQ=, registry: https://registry.npm.taobao.org/, tarball: https://registry.nlark.com/hexo-renderer-ejs/download/hexo-renderer-ejs-1.0.0.tgz}
    name: hexo-renderer-ejs
    version: 1.0.0
    engines: {node: '>=8.6.0'}
    dependencies:
      ejs: 2.7.4
    dev: false

  registry.nlark.com/hexo-renderer-marked/4.0.0:
    resolution: {integrity: sha1-9q2ICjhL4Tx+vD/IeI+G+vzxUAc=, registry: https://registry.npm.taobao.org/, tarball: https://registry.nlark.com/hexo-renderer-marked/download/hexo-renderer-marked-4.0.0.tgz}
    name: hexo-renderer-marked
    version: 4.0.0
    engines: {node: '>=10.13.0'}
    dependencies:
      hexo-util: registry.nlark.com/hexo-util/2.5.0
      marked: registry.nlark.com/marked/2.0.7
    dev: false

  registry.nlark.com/hexo-renderer-stylus/2.0.1:
    resolution: {integrity: sha1-xlVm6X6QWKUuRsgrDEXPVh9LlMs=, registry: https://registry.npm.taobao.org/, tarball: https://registry.nlark.com/hexo-renderer-stylus/download/hexo-renderer-stylus-2.0.1.tgz}
    name: hexo-renderer-stylus
    version: 2.0.1
    engines: {node: '>=10.13.0'}
    dependencies:
      nib: registry.nlark.com/nib/1.1.2
      stylus: 0.54.8
    dev: false

  registry.nlark.com/hexo-server/2.0.0:
    resolution: {integrity: sha1-GtksyKfTUo/sb/pl/4RT8kL3mD8=, registry: https://registry.npm.taobao.org/, tarball: https://registry.nlark.com/hexo-server/download/hexo-server-2.0.0.tgz}
    name: hexo-server
    version: 2.0.0
    engines: {node: '>=10.13.0'}
    dependencies:
      bluebird: 3.7.2
      chalk: registry.nlark.com/chalk/4.1.1
      compression: 1.7.4
      connect: 3.7.0
      mime: 2.5.2
      morgan: registry.nlark.com/morgan/1.10.0
      open: registry.nlark.com/open/7.4.2
      serve-static: 1.14.1
    dev: false

  registry.nlark.com/hexo-util/2.5.0:
    resolution: {integrity: sha1-3lY1NBEWuiVjp4mg6861WodSIa0=, registry: https://registry.npm.taobao.org/, tarball: https://registry.nlark.com/hexo-util/download/hexo-util-2.5.0.tgz}
    name: hexo-util
    version: 2.5.0
    engines: {node: '>=12.4.0'}
    dependencies:
      bluebird: 3.7.2
      camel-case: 4.1.2
      cross-spawn: 7.0.3
      deepmerge: 4.2.2
      highlight.js: registry.nlark.com/highlight.js/10.7.3
      htmlparser2: 6.1.0
      prismjs: 1.23.0
      strip-indent: registry.nlark.com/strip-indent/3.0.0

  registry.nlark.com/hexo/5.4.0:
    resolution: {integrity: sha1-d9V/ocKfOrBZZP5OvZxE4j31Gzc=, registry: https://registry.npm.taobao.org/, tarball: https://registry.nlark.com/hexo/download/hexo-5.4.0.tgz}
    name: hexo
    version: 5.4.0
    engines: {node: '>=10.13.0'}
    hasBin: true
    dependencies:
      abbrev: 1.1.1
      archy: 1.0.0
      bluebird: 3.7.2
      chalk: registry.nlark.com/chalk/4.1.1
      hexo-cli: registry.nlark.com/hexo-cli/4.2.0
      hexo-front-matter: registry.nlark.com/hexo-front-matter/2.0.0
      hexo-fs: 3.1.0
      hexo-i18n: registry.nlark.com/hexo-i18n/1.0.0
      hexo-log: registry.nlark.com/hexo-log/2.0.0
      hexo-util: registry.nlark.com/hexo-util/2.5.0
      js-yaml: 4.1.0
      micromatch: 4.0.4
      moment: 2.29.1
      moment-timezone: 0.5.33
      nunjucks: 3.2.3
      pretty-hrtime: 1.0.3
      resolve: 1.20.0
      strip-ansi: 6.0.0
      text-table: 0.2.0
      tildify: 2.0.0
      titlecase: registry.nlark.com/titlecase/1.1.3
      warehouse: registry.nlark.com/warehouse/4.0.0
    transitivePeerDependencies:
      - chokidar
    dev: false

  registry.nlark.com/highlight.js/10.7.3:
    resolution: {integrity: sha1-aXJy45kTVuQMPKxWanTu9oF1ZTE=, registry: https://registry.npm.taobao.org/, tarball: https://registry.nlark.com/highlight.js/download/highlight.js-10.7.3.tgz}
    name: highlight.js
    version: 10.7.3

  registry.nlark.com/is-core-module/2.4.0:
    resolution: {integrity: sha1-jp/I4VAnsBFBgCbpjw5vTYYwXME=, registry: https://registry.npm.taobao.org/, tarball: https://registry.nlark.com/is-core-module/download/is-core-module-2.4.0.tgz}
    name: is-core-module
    version: 2.4.0
    dependencies:
      has: 1.0.3

  registry.nlark.com/marked/2.0.7:
    resolution: {integrity: sha1-vFuFegkHG0jOgqH3MEkTqZPUt9E=, registry: https://registry.npm.taobao.org/, tarball: https://registry.nlark.com/marked/download/marked-2.0.7.tgz}
    name: marked
    version: 2.0.7
    engines: {node: '>= 8.16.2'}
    hasBin: true
    dev: false

  registry.nlark.com/mime-db/1.48.0:
    resolution: {integrity: sha1-41sxBF3X6to6qtU37YijOvvvLR0=, registry: https://registry.npm.taobao.org/, tarball: https://registry.nlark.com/mime-db/download/mime-db-1.48.0.tgz}
    name: mime-db
    version: 1.48.0
    engines: {node: '>= 0.6'}
    dev: false

  registry.nlark.com/mime-types/2.1.31:
    resolution: {integrity: sha1-oA12t0MXxh+cLbIhi46fjpxcnms=, registry: https://registry.npm.taobao.org/, tarball: https://registry.nlark.com/mime-types/download/mime-types-2.1.31.tgz}
    name: mime-types
    version: 2.1.31
    engines: {node: '>= 0.6'}
    dependencies:
      mime-db: registry.nlark.com/mime-db/1.48.0
    dev: false

  registry.nlark.com/morgan/1.10.0:
    resolution: {integrity: sha1-CRd4q8H8R801CYJGU9rh+qtrF9c=, registry: https://registry.npm.taobao.org/, tarball: https://registry.nlark.com/morgan/download/morgan-1.10.0.tgz}
    name: morgan
    version: 1.10.0
    engines: {node: '>= 0.8.0'}
    dependencies:
      basic-auth: 2.0.1
      debug: registry.nlark.com/debug/2.6.9
      depd: 2.0.0
      on-finished: 2.3.0
      on-headers: 1.0.2
    dev: false

  registry.nlark.com/nib/1.1.2:
    resolution: {integrity: sha1-amnt5AgblcDe+L4CSkyK4MLLtsc=, registry: https://registry.npm.taobao.org/, tarball: https://registry.nlark.com/nib/download/nib-1.1.2.tgz}
    name: nib
    version: 1.1.2
    dependencies:
      stylus: 0.54.5
    dev: false

  registry.nlark.com/open/7.4.2:
    resolution: {integrity: sha1-uBR+Jtzz5CYxbHMAif1x7dKcIyE=, registry: https://registry.npm.taobao.org/, tarball: https://registry.nlark.com/open/download/open-7.4.2.tgz}
    name: open
    version: 7.4.2
    engines: {node: '>=8'}
    dependencies:
      is-docker: 2.2.1
      is-wsl: 2.2.0
    dev: false

  registry.nlark.com/path-parse/1.0.7:
    resolution: {integrity: sha1-+8EUtgykKzDZ2vWFjkvWi77bZzU=, registry: https://registry.npm.taobao.org/, tarball: https://registry.nlark.com/path-parse/download/path-parse-1.0.7.tgz}
    name: path-parse
    version: 1.0.7

  registry.nlark.com/picomatch/2.3.0:
    resolution: {integrity: sha1-8fBh3o9qS/AiiS4tEoI0+5gwKXI=, registry: https://registry.npm.taobao.org/, tarball: https://registry.nlark.com/picomatch/download/picomatch-2.3.0.tgz}
    name: picomatch
    version: 2.3.0
    engines: {node: '>=8.6'}

  registry.nlark.com/strip-indent/3.0.0:
    resolution: {integrity: sha1-wy4c7pQLazQyx3G8LFS8znPNMAE=, registry: https://registry.npm.taobao.org/, tarball: https://registry.nlark.com/strip-indent/download/strip-indent-3.0.0.tgz}
    name: strip-indent
    version: 3.0.0
    engines: {node: '>=8'}
    dependencies:
      min-indent: 1.0.1

  registry.nlark.com/supports-color/7.2.0:
    resolution: {integrity: sha1-G33NyzK4E4gBs+R4umpRyqiWSNo=, registry: https://registry.npm.taobao.org/, tarball: https://registry.nlark.com/supports-color/download/supports-color-7.2.0.tgz}
    name: supports-color
    version: 7.2.0
    engines: {node: '>=8'}
    dependencies:
      has-flag: 4.0.0

  registry.nlark.com/through/2.3.8:
    resolution: {integrity: sha1-DdTJ/6q8NXlgsbckEV1+Doai4fU=, registry: https://registry.npm.taobao.org/, tarball: https://registry.nlark.com/through/download/through-2.3.8.tgz}
    name: through
    version: 2.3.8
    dev: false

  registry.nlark.com/titlecase/1.1.3:
    resolution: {integrity: sha1-/G1l/1grBgJBB2jvGgm3BQYxPcM=, registry: https://registry.npm.taobao.org/, tarball: https://registry.nlark.com/titlecase/download/titlecase-1.1.3.tgz}
    name: titlecase
    version: 1.1.3
    hasBin: true
    dev: false

  registry.nlark.com/tslib/2.3.0:
    resolution: {integrity: sha1-gDuM2rPhK6WBpMpByIObuw2ssJ4=, registry: https://registry.npm.taobao.org/, tarball: https://registry.nlark.com/tslib/download/tslib-2.3.0.tgz}
    name: tslib
    version: 2.3.0

  registry.nlark.com/warehouse/4.0.0:
    resolution: {integrity: sha1-RYMrxD4f0yO9nTyGsnYUMLoNHns=, registry: https://registry.npm.taobao.org/, tarball: https://registry.nlark.com/warehouse/download/warehouse-4.0.0.tgz}
    name: warehouse
    version: 4.0.0
    engines: {node: '>=10.13.0'}
    dependencies:
      bluebird: 3.7.2
      cuid: registry.nlark.com/cuid/2.1.8
      graceful-fs: 4.2.6
      is-plain-object: 3.0.1
      JSONStream: 1.3.5
      rfdc: 1.3.0
    dev: false

  registry.nlark.com/wrappy/1.0.2:
    resolution: {integrity: sha1-tSQ9jz7BqjXxNkYFvA0QNuMKtp8=, registry: https://registry.npm.taobao.org/, tarball: https://registry.nlark.com/wrappy/download/wrappy-1.0.2.tgz}
    name: wrappy
    version: 1.0.2
    dev: false
